
Microsoft Visual Studio Solution File, Format Version 12.00
# Visual Studio Version 18
VisualStudioVersion = 18.5.11716.220
MinimumVisualStudioVersion = 10.0.40219.1
Project("{FAE04EC0-301F-11D3-BF4B-00C04F79EFBC}") = "DBS", "DBS\DBS.csproj", "{27347F27-2B07-4B92-B00F-D3C170679821}"
EndProject
Global
	GlobalSection(SolutionConfigurationPlatforms) = preSolution
		Debug|Any CPU = Debug|Any CPU
		Release|Any CPU = Release|Any CPU
	EndGlobalSection
	GlobalSection(ProjectConfigurationPlatforms) = postSolution
		{27347F27-2B07-4B92-B00F-D3C170679821}.Debug|Any CPU.ActiveCfg = Debug|Any CPU
		{27347F27-2B07-4B92-B00F-D3C170679821}.Debug|Any CPU.Build.0 = Debug|Any CPU
		{27347F27-2B07-4B92-B00F-D3C170679821}.Release|Any CPU.ActiveCfg = Release|Any CPU
		{27347F27-2B07-4B92-B00F-D3C170679821}.Release|Any CPU.Build.0 = Release|Any CPU
	EndGlobalSection
	GlobalSection(SolutionProperties) = preSolution
		HideSolutionNode = FALSE
	EndGlobalSection
	GlobalSection(ExtensibilityGlobals) = postSolution
		SolutionGuid = {62F32F18-7921-4EC5-ACD0-0969A04EF6D1}
	EndGlobalSection
EndGlobal
